
Microsoft Visual Studio Solution File, Format Version 12.00
# Visual Studio Version 16
VisualStudioVersion = 16.0.29920.165
MinimumVisualStudioVersion = 10.0.40219.1
Project("{9A19103F-16F7-4668-BE54-9A1E7A4F7556}") = "Atividade 5", "Atividade 5\Atividade 5.csproj", "{2795AC49-B1AD-47B3-9A46-75D031ECC417}"
EndProject
Project("{9A19103F-16F7-4668-BE54-9A1E7A4F7556}") = "ProjetoAPI", "WebApplication1\ProjetoAPI.csproj", "{4DC5E72B-CEA2-4D9C-B971-BD3777DCAAC1}"
EndProject
Global
	GlobalSection(SolutionConfigurationPlatforms) = preSolution
		Debug|Any CPU = Debug|Any CPU
		Release|Any CPU = Release|Any CPU
	EndGlobalSection
	GlobalSection(ProjectConfigurationPlatforms) = postSolution
		{2795AC49-B1AD-47B3-9A46-75D031ECC417}.Debug|Any CPU.ActiveCfg = Debug|Any CPU
		{2795AC49-B1AD-47B3-9A46-75D031ECC417}.Debug|Any CPU.Build.0 = Debug|Any CPU
		{2795AC49-B1AD-47B3-9A46-75D031ECC417}.Release|Any CPU.ActiveCfg = Release|Any CPU
		{2795AC49-B1AD-47B3-9A46-75D031ECC417}.Release|Any CPU.Build.0 = Release|Any CPU
		{4DC5E72B-CEA2-4D9C-B971-BD3777DCAAC1}.Debug|Any CPU.ActiveCfg = Debug|Any CPU
		{4DC5E72B-CEA2-4D9C-B971-BD3777DCAAC1}.Debug|Any CPU.Build.0 = Debug|Any CPU
		{4DC5E72B-CEA2-4D9C-B971-BD3777DCAAC1}.Release|Any CPU.ActiveCfg = Release|Any CPU
		{4DC5E72B-CEA2-4D9C-B971-BD3777DCAAC1}.Release|Any CPU.Build.0 = Release|Any CPU
	EndGlobalSection
	GlobalSection(SolutionProperties) = preSolution
		HideSolutionNode = FALSE
	EndGlobalSection
	GlobalSection(ExtensibilityGlobals) = postSolution
		SolutionGuid = {D343013D-D740-457D-9110-1F2999978874}
	EndGlobalSection
EndGlobal
